{
  "name": "get-user-agent",
  "version": "1.8.0",
  "lockfileVersion": 1,
  "requires": true,
  "dependencies": {
    "get-osx-version": {
      "version": "1.5.0",
      "resolved": "https://registry.npmjs.org/get-osx-version/-/get-osx-version-1.5.0.tgz",
      "integrity": "sha512-XZLlcCptqYe3pC7vJl5p3eiySxxYhE6EH/V7rALMBcdEvp6x7bDt0ZR0LZTVDB7QyFPfN09CIOxCGnxekzq69w=="
    },
    "ua-parser": {
      "version": "0.3.5",
      "resolved": "https://registry.npmjs.org/ua-parser/-/ua-parser-0.3.5.tgz",
      "integrity": "sha1-L/T5yebi1k1xFGHxe+ssnGl/Lxo=",
      "dev": true,
      "requires": {
        "yamlparser": "0.0.2"
      }
    },
    "yamlparser": {
      "version": "0.0.2",
      "resolved": "https://registry.npmjs.org/yamlparser/-/yamlparser-0.0.2.tgz",
      "integrity": "sha1-Mjk+avxwyMoGa2ZQrGc4tIFnjrw=",
      "dev": true
    }
  }
}
