{
  "name": "get-user-agent",
  "version": "2.0.0",
  "lockfileVersion": 1,
  "requires": true,
  "dependencies": {
    "get-osx-version": {
      "version": "1.5.2",
      "resolved": "https://registry.npmjs.org/get-osx-version/-/get-osx-version-1.5.2.tgz",
      "integrity": "sha512-XM8wnUarzkCdi7lpiF1Ea0+tQIbznu11cq9ZoIA9HXknWFh5tAWMP8puHMKzUUQQyrW9zaB3AiWXuVs7dK9EZQ=="
    },
    "ua-parser-js": {
      "version": "0.7.18",
      "resolved": "https://registry.npmjs.org/ua-parser-js/-/ua-parser-js-0.7.18.tgz",
      "integrity": "sha512-LtzwHlVHwFGTptfNSgezHp7WUlwiqb0gA9AALRbKaERfxwJoiX0A73QbTToxteIAuIaFshhgIZfqK8s7clqgnA==",
      "dev": true
    }
  }
}
